// !$*UTF8*$!
{
	archiveVersion = 1;
	classes = {
	};
	objectVersion = 46;
	objects = {

/* Begin PBXBuildFile section */
		6A70650F1E3F1481005F3452 /* AppDelegate.swift in Sources */ = {isa = PBXBuildFile; fileRef = 6A70650E1E3F1481005F3452 /* AppDelegate.swift */; };
		6A7065111E3F1481005F3452 /* SignInVC.swift in Sources */ = {isa = PBXBuildFile; fileRef = 6A7065101E3F1481005F3452 /* SignInVC.swift */; };
		6A7065141E3F1481005F3452 /* Main.storyboard in Resources */ = {isa = PBXBuildFile; fileRef = 6A7065121E3F1481005F3452 /* Main.storyboard */; };
		6A7065161E3F1481005F3452 /* Assets.xcassets in Resources */ = {isa = PBXBuildFile; fileRef = 6A7065151E3F1481005F3452 /* Assets.xcassets */; };
		6A7065191E3F1481005F3452 /* LaunchScreen.storyboard in Resources */ = {isa = PBXBuildFile; fileRef = 6A7065171E3F1481005F3452 /* LaunchScreen.storyboard */; };
		6A7065211E3F1509005F3452 /* GoogleService-Info.plist in Resources */ = {isa = PBXBuildFile; fileRef = 6A7065201E3F1509005F3452 /* GoogleService-Info.plist */; };
		6A7065261E3F7773005F3452 /* FancyView.swift in Sources */ = {isa = PBXBuildFile; fileRef = 6A7065251E3F7773005F3452 /* FancyView.swift */; };
		6A7065291E3F7831005F3452 /* Constants.swift in Sources */ = {isa = PBXBuildFile; fileRef = 6A7065281E3F7831005F3452 /* Constants.swift */; };
		6A70652B1E3F7EA5005F3452 /* RoundBtn.swift in Sources */ = {isa = PBXBuildFile; fileRef = 6A70652A1E3F7EA5005F3452 /* RoundBtn.swift */; };
		6A70652D1E3F82ED005F3452 /* FancyField.swift in Sources */ = {isa = PBXBuildFile; fileRef = 6A70652C1E3F82ED005F3452 /* FancyField.swift */; };
		6A70652F1E3F8464005F3452 /* FancyBtn.swift in Sources */ = {isa = PBXBuildFile; fileRef = 6A70652E1E3F8464005F3452 /* FancyBtn.swift */; };
		6A7065321E4E2835005F3452 /* FeedVC.swift in Sources */ = {isa = PBXBuildFile; fileRef = 6A7065311E4E2835005F3452 /* FeedVC.swift */; };
		6A7065341E57EC7E005F3452 /* CircleView.swift in Sources */ = {isa = PBXBuildFile; fileRef = 6A7065331E57EC7E005F3452 /* CircleView.swift */; };
		6A7065361E59A2D9005F3452 /* PostCell.swift in Sources */ = {isa = PBXBuildFile; fileRef = 6A7065351E59A2D9005F3452 /* PostCell.swift */; };
		6A7065391E5F4A67005F3452 /* DataService.swift in Sources */ = {isa = PBXBuildFile; fileRef = 6A7065381E5F4A67005F3452 /* DataService.swift */; };
		79E459C98DDD7CB2B37F5143 /* Pods_devSocial.framework in Frameworks */ = {isa = PBXBuildFile; fileRef = 7A4A80EC3C70D9A8B8AF1F6E /* Pods_devSocial.framework */; };
/* End PBXBuildFile section */

/* Begin PBXFileReference section */
		6A70650B1E3F1481005F3452 /* devSocial.app */ = {isa = PBXFileReference; explicitFileType = wrapper.application; includeInIndex = 0; path = devSocial.app; sourceTree = BUILT_PRODUCTS_DIR; };
		6A70650E1E3F1481005F3452 /* AppDelegate.swift */ = {isa = PBXFileReference; lastKnownFileType = sourcecode.swift; path = AppDelegate.swift; sourceTree = "<group>"; };
		6A7065101E3F1481005F3452 /* SignInVC.swift */ = {isa = PBXFileReference; lastKnownFileType = sourcecode.swift; path = SignInVC.swift; sourceTree = "<group>"; };
		6A7065131E3F1481005F3452 /* Base */ = {isa = PBXFileReference; lastKnownFileType = file.storyboard; name = Base; path = Base.lproj/Main.storyboard; sourceTree = "<group>"; };
		6A7065151E3F1481005F3452 /* Assets.xcassets */ = {isa = PBXFileReference; lastKnownFileType = folder.assetcatalog; path = Assets.xcassets; sourceTree = "<group>"; };
		6A7065181E3F1481005F3452 /* Base */ = {isa = PBXFileReference; lastKnownFileType = file.storyboard; name = Base; path = Base.lproj/LaunchScreen.storyboard; sourceTree = "<group>"; };
		6A70651A1E3F1481005F3452 /* Info.plist */ = {isa = PBXFileReference; lastKnownFileType = text.plist.xml; path = Info.plist; sourceTree = "<group>"; };
		6A7065201E3F1509005F3452 /* GoogleService-Info.plist */ = {isa = PBXFileReference; fileEncoding = 4; lastKnownFileType = text.plist.xml; path = "GoogleService-Info.plist"; sourceTree = "<group>"; };
		6A7065251E3F7773005F3452 /* FancyView.swift */ = {isa = PBXFileReference; fileEncoding = 4; lastKnownFileType = sourcecode.swift; path = FancyView.swift; sourceTree = "<group>"; };
		6A7065281E3F7831005F3452 /* Constants.swift */ = {isa = PBXFileReference; fileEncoding = 4; lastKnownFileType = sourcecode.swift; path = Constants.swift; sourceTree = "<group>"; };
		6A70652A1E3F7EA5005F3452 /* RoundBtn.swift */ = {isa = PBXFileReference; fileEncoding = 4; lastKnownFileType = sourcecode.swift; path = RoundBtn.swift; sourceTree = "<group>"; };
		6A70652C1E3F82ED005F3452 /* FancyField.swift */ = {isa = PBXFileReference; fileEncoding = 4; lastKnownFileType = sourcecode.swift; path = FancyField.swift; sourceTree = "<group>"; };
		6A70652E1E3F8464005F3452 /* FancyBtn.swift */ = {isa = PBXFileReference; fileEncoding = 4; lastKnownFileType = sourcecode.swift; path = FancyBtn.swift; sourceTree = "<group>"; };
		6A7065301E40EDD5005F3452 /* devSocial.entitlements */ = {isa = PBXFileReference; lastKnownFileType = text.plist.entitlements; path = devSocial.entitlements; sourceTree = "<group>"; };
		6A7065311E4E2835005F3452 /* FeedVC.swift */ = {isa = PBXFileReference; fileEncoding = 4; lastKnownFileType = sourcecode.swift; path = FeedVC.swift; sourceTree = "<group>"; };
		6A7065331E57EC7E005F3452 /* CircleView.swift */ = {isa = PBXFileReference; fileEncoding = 4; lastKnownFileType = sourcecode.swift; path = CircleView.swift; sourceTree = "<group>"; };
		6A7065351E59A2D9005F3452 /* PostCell.swift */ = {isa = PBXFileReference; fileEncoding = 4; lastKnownFileType = sourcecode.swift; path = PostCell.swift; sourceTree = "<group>"; };
		6A7065381E5F4A67005F3452 /* DataService.swift */ = {isa = PBXFileReference; fileEncoding = 4; lastKnownFileType = sourcecode.swift; path = DataService.swift; sourceTree = "<group>"; };
		7A4A80EC3C70D9A8B8AF1F6E /* Pods_devSocial.framework */ = {isa = PBXFileReference; explicitFileType = wrapper.framework; includeInIndex = 0; path = Pods_devSocial.framework; sourceTree = BUILT_PRODUCTS_DIR; };
		C4A4D76C1EEF65F081B1AD14 /* Pods-devSocial.debug.xcconfig */ = {isa = PBXFileReference; includeInIndex = 1; lastKnownFileType = text.xcconfig; name = "Pods-devSocial.debug.xcconfig"; path = "Pods/Target Support Files/Pods-devSocial/Pods-devSocial.debug.xcconfig"; sourceTree = "<group>"; };
		DC1F53C5639D6B4DC1F31ADE /* Pods-devSocial.release.xcconfig */ = {isa = PBXFileReference; includeInIndex = 1; lastKnownFileType = text.xcconfig; name = "Pods-devSocial.release.xcconfig"; path = "Pods/Target Support Files/Pods-devSocial/Pods-devSocial.release.xcconfig"; sourceTree = "<group>"; };
/* End PBXFileReference section */

/* Begin PBXFrameworksBuildPhase section */
		6A7065081E3F1481005F3452 /* Frameworks */ = {
			isa = PBXFrameworksBuildPhase;
			buildActionMask = 2147483647;
			files = (
				79E459C98DDD7CB2B37F5143 /* Pods_devSocial.framework in Frameworks */,
			);
			runOnlyForDeploymentPostprocessing = 0;
		};
/* End PBXFrameworksBuildPhase section */

/* Begin PBXGroup section */
		5A7194FD206ED5AF1E59BF3D /* Frameworks */ = {
			isa = PBXGroup;
			children = (
				7A4A80EC3C70D9A8B8AF1F6E /* Pods_devSocial.framework */,
			);
			name = Frameworks;
			sourceTree = "<group>";
		};
		6A7065021E3F1481005F3452 = {
			isa = PBXGroup;
			children = (
				6A70650D1E3F1481005F3452 /* devSocial */,
				6A70650C1E3F1481005F3452 /* Products */,
				977D1D217F2D1932F868A568 /* Pods */,
				5A7194FD206ED5AF1E59BF3D /* Frameworks */,
			);
			sourceTree = "<group>";
		};
		6A70650C1E3F1481005F3452 /* Products */ = {
			isa = PBXGroup;
			children = (
				6A70650B1E3F1481005F3452 /* devSocial.app */,
			);
			name = Products;
			sourceTree = "<group>";
		};
		6A70650D1E3F1481005F3452 /* devSocial */ = {
			isa = PBXGroup;
			children = (
				6A7065371E5F4A0D005F3452 /* Services */,
				6A7065301E40EDD5005F3452 /* devSocial.entitlements */,
				6A7065271E3F7819005F3452 /* Util */,
				6A7065221E3F18D2005F3452 /* Model */,
				6A70650E1E3F1481005F3452 /* AppDelegate.swift */,
				6A7065231E3F18D8005F3452 /* View */,
				6A7065241E3F18DD005F3452 /* Controller */,
				6A7065121E3F1481005F3452 /* Main.storyboard */,
				6A7065151E3F1481005F3452 /* Assets.xcassets */,
				6A7065171E3F1481005F3452 /* LaunchScreen.storyboard */,
				6A70651A1E3F1481005F3452 /* Info.plist */,
				6A7065201E3F1509005F3452 /* GoogleService-Info.plist */,
			);
			path = devSocial;
			sourceTree = "<group>";
		};
		6A7065221E3F18D2005F3452 /* Model */ = {
			isa = PBXGroup;
			children = (
			);
			name = Model;
			sourceTree = "<group>";
		};
		6A7065231E3F18D8005F3452 /* View */ = {
			isa = PBXGroup;
			children = (
				6A7065251E3F7773005F3452 /* FancyView.swift */,
				6A70652A1E3F7EA5005F3452 /* RoundBtn.swift */,
				6A70652C1E3F82ED005F3452 /* FancyField.swift */,
				6A70652E1E3F8464005F3452 /* FancyBtn.swift */,
				6A7065331E57EC7E005F3452 /* CircleView.swift */,
				6A7065351E59A2D9005F3452 /* PostCell.swift */,
			);
			name = View;
			sourceTree = "<group>";
		};
		6A7065241E3F18DD005F3452 /* Controller */ = {
			isa = PBXGroup;
			children = (
				6A7065101E3F1481005F3452 /* SignInVC.swift */,
				6A7065311E4E2835005F3452 /* FeedVC.swift */,
			);
			name = Controller;
			sourceTree = "<group>";
		};
		6A7065271E3F7819005F3452 /* Util */ = {
			isa = PBXGroup;
			children = (
				6A7065281E3F7831005F3452 /* Constants.swift */,
			);
			name = Util;
			sourceTree = "<group>";
		};
		6A7065371E5F4A0D005F3452 /* Services */ = {
			isa = PBXGroup;
			children = (
				6A7065381E5F4A67005F3452 /* DataService.swift */,
			);
			name = Services;
			sourceTree = "<group>";
		};
		977D1D217F2D1932F868A568 /* Pods */ = {
			isa = PBXGroup;
			children = (
				C4A4D76C1EEF65F081B1AD14 /* Pods-devSocial.debug.xcconfig */,
				DC1F53C5639D6B4DC1F31ADE /* Pods-devSocial.release.xcconfig */,
			);
			name = Pods;
			sourceTree = "<group>";
		};
/* End PBXGroup section */

/* Begin PBXNativeTarget section */
		6A70650A1E3F1481005F3452 /* devSocial */ = {
			isa = PBXNativeTarget;
			buildConfigurationList = 6A70651D1E3F1481005F3452 /* Build configuration list for PBXNativeTarget "devSocial" */;
			buildPhases = (
				E8963E9A3E8B0A0B437A3D92 /* [CP] Check Pods Manifest.lock */,
				6A7065071E3F1481005F3452 /* Sources */,
				6A7065081E3F1481005F3452 /* Frameworks */,
				6A7065091E3F1481005F3452 /* Resources */,
				E42DB065AE9F72F2C670244F /* [CP] Embed Pods Frameworks */,
				C02D8381CEB38642E946A8A6 /* [CP] Copy Pods Resources */,
			);
			buildRules = (
			);
			dependencies = (
			);
			name = devSocial;
			productName = devSocial;
			productReference = 6A70650B1E3F1481005F3452 /* devSocial.app */;
			productType = "com.apple.product-type.application";
		};
/* End PBXNativeTarget section */

/* Begin PBXProject section */
		6A7065031E3F1481005F3452 /* Project object */ = {
			isa = PBXProject;
			attributes = {
				LastSwiftUpdateCheck = 0800;
				LastUpgradeCheck = 0800;
				ORGANIZATIONNAME = erterfed;
				TargetAttributes = {
					6A70650A1E3F1481005F3452 = {
						CreatedOnToolsVersion = 8.0;
						DevelopmentTeam = E2XDBU7BVN;
						ProvisioningStyle = Automatic;
						SystemCapabilities = {
							com.apple.Keychain = {
								enabled = 1;
							};
						};
					};
				};
			};
			buildConfigurationList = 6A7065061E3F1481005F3452 /* Build configuration list for PBXProject "devSocial" */;
			compatibilityVersion = "Xcode 3.2";
			developmentRegion = English;
			hasScannedForEncodings = 0;
			knownRegions = (
				en,
				Base,
			);
			mainGroup = 6A7065021E3F1481005F3452;
			productRefGroup = 6A70650C1E3F1481005F3452 /* Products */;
			projectDirPath = "";
			projectRoot = "";
			targets = (
				6A70650A1E3F1481005F3452 /* devSocial */,
			);
		};
/* End PBXProject section */

/* Begin PBXResourcesBuildPhase section */
		6A7065091E3F1481005F3452 /* Resources */ = {
			isa = PBXResourcesBuildPhase;
			buildActionMask = 2147483647;
			files = (
				6A7065191E3F1481005F3452 /* LaunchScreen.storyboard in Resources */,
				6A7065211E3F1509005F3452 /* GoogleService-Info.plist in Resources */,
				6A7065161E3F1481005F3452 /* Assets.xcassets in Resources */,
				6A7065141E3F1481005F3452 /* Main.storyboard in Resources */,
			);
			runOnlyForDeploymentPostprocessing = 0;
		};
/* End PBXResourcesBuildPhase section */

/* Begin PBXShellScriptBuildPhase section */
		C02D8381CEB38642E946A8A6 /* [CP] Copy Pods Resources */ = {
			isa = PBXShellScriptBuildPhase;
			buildActionMask = 2147483647;
			files = (
			);
			inputPaths = (
			);
			name = "[CP] Copy Pods Resources";
			outputPaths = (
			);
			runOnlyForDeploymentPostprocessing = 0;
			shellPath = /bin/sh;
			shellScript = "\"${SRCROOT}/Pods/Target Support Files/Pods-devSocial/Pods-devSocial-resources.sh\"\n";
			showEnvVarsInLog = 0;
		};
		E42DB065AE9F72F2C670244F /* [CP] Embed Pods Frameworks */ = {
			isa = PBXShellScriptBuildPhase;
			buildActionMask = 2147483647;
			files = (
			);
			inputPaths = (
			);
			name = "[CP] Embed Pods Frameworks";
			outputPaths = (
			);
			runOnlyForDeploymentPostprocessing = 0;
			shellPath = /bin/sh;
			shellScript = "\"${SRCROOT}/Pods/Target Support Files/Pods-devSocial/Pods-devSocial-frameworks.sh\"\n";
			showEnvVarsInLog = 0;
		};
		E8963E9A3E8B0A0B437A3D92 /* [CP] Check Pods Manifest.lock */ = {
			isa = PBXShellScriptBuildPhase;
			buildActionMask = 2147483647;
			files = (
			);
			inputPaths = (
			);
			name = "[CP] Check Pods Manifest.lock";
			outputPaths = (
			);
			runOnlyForDeploymentPostprocessing = 0;
			shellPath = /bin/sh;
			shellScript = "diff \"${PODS_ROOT}/../Podfile.lock\" \"${PODS_ROOT}/Manifest.lock\" > /dev/null\nif [ $? != 0 ] ; then\n    # print error to STDERR\n    echo \"error: The sandbox is not in sync with the Podfile.lock. Run 'pod install' or update your CocoaPods installation.\" >&2\n    exit 1\nfi\n";
			showEnvVarsInLog = 0;
		};
/* End PBXShellScriptBuildPhase section */

/* Begin PBXSourcesBuildPhase section */
		6A7065071E3F1481005F3452 /* Sources */ = {
			isa = PBXSourcesBuildPhase;
			buildActionMask = 2147483647;
			files = (
				6A7065341E57EC7E005F3452 /* CircleView.swift in Sources */,
				6A70652D1E3F82ED005F3452 /* FancyField.swift in Sources */,
				6A7065111E3F1481005F3452 /* SignInVC.swift in Sources */,
				6A70652B1E3F7EA5005F3452 /* RoundBtn.swift in Sources */,
				6A70650F1E3F1481005F3452 /* AppDelegate.swift in Sources */,
				6A7065391E5F4A67005F3452 /* DataService.swift in Sources */,
				6A7065321E4E2835005F3452 /* FeedVC.swift in Sources */,
				6A7065261E3F7773005F3452 /* FancyView.swift in Sources */,
				6A7065291E3F7831005F3452 /* Constants.swift in Sources */,
				6A70652F1E3F8464005F3452 /* FancyBtn.swift in Sources */,
				6A7065361E59A2D9005F3452 /* PostCell.swift in Sources */,
			);
			runOnlyForDeploymentPostprocessing = 0;
		};
/* End PBXSourcesBuildPhase section */

/* Begin PBXVariantGroup section */
		6A7065121E3F1481005F3452 /* Main.storyboard */ = {
			isa = PBXVariantGroup;
			children = (
				6A7065131E3F1481005F3452 /* Base */,
			);
			name = Main.storyboard;
			sourceTree = "<group>";
		};
		6A7065171E3F1481005F3452 /* LaunchScreen.storyboard */ = {
			isa = PBXVariantGroup;
			children = (
				6A7065181E3F1481005F3452 /* Base */,
			);
			name = LaunchScreen.storyboard;
			sourceTree = "<group>";
		};
/* End PBXVariantGroup section */

/* Begin XCBuildConfiguration section */
		6A70651B1E3F1481005F3452 /* Debug */ = {
			isa = XCBuildConfiguration;
			buildSettings = {
				ALWAYS_SEARCH_USER_PATHS = NO;
				CLANG_ANALYZER_NONNULL = YES;
				CLANG_CXX_LANGUAGE_STANDARD = "gnu++0x";
				CLANG_CXX_LIBRARY = "libc++";
				CLANG_ENABLE_MODULES = YES;
				CLANG_ENABLE_OBJC_ARC = YES;
				CLANG_WARN_BOOL_CONVERSION = YES;
				CLANG_WARN_CONSTANT_CONVERSION = YES;
				CLANG_WARN_DIRECT_OBJC_ISA_USAGE = YES_ERROR;
				CLANG_WARN_DOCUMENTATION_COMMENTS = YES;
				CLANG_WARN_EMPTY_BODY = YES;
				CLANG_WARN_ENUM_CONVERSION = YES;
				CLANG_WARN_INFINITE_RECURSION = YES;
				CLANG_WARN_INT_CONVERSION = YES;
				CLANG_WARN_OBJC_ROOT_CLASS = YES_ERROR;
				CLANG_WARN_SUSPICIOUS_MOVES = YES;
				CLANG_WARN_UNREACHABLE_CODE = YES;
				CLANG_WARN__DUPLICATE_METHOD_MATCH = YES;
				"CODE_SIGN_IDENTITY[sdk=iphoneos*]" = "iPhone Developer";
				COPY_PHASE_STRIP = NO;
				DEBUG_INFORMATION_FORMAT = dwarf;
				ENABLE_STRICT_OBJC_MSGSEND = YES;
				ENABLE_TESTABILITY = YES;
				GCC_C_LANGUAGE_STANDARD = gnu99;
				GCC_DYNAMIC_NO_PIC = NO;
				GCC_NO_COMMON_BLOCKS = YES;
				GCC_OPTIMIZATION_LEVEL = 0;
				GCC_PREPROCESSOR_DEFINITIONS = (
					"DEBUG=1",
					"$(inherited)",
				);
				GCC_WARN_64_TO_32_BIT_CONVERSION = YES;
				GCC_WARN_ABOUT_RETURN_TYPE = YES_ERROR;
				GCC_WARN_UNDECLARED_SELECTOR = YES;
				GCC_WARN_UNINITIALIZED_AUTOS = YES_AGGRESSIVE;
				GCC_WARN_UNUSED_FUNCTION = YES;
				GCC_WARN_UNUSED_VARIABLE = YES;
				IPHONEOS_DEPLOYMENT_TARGET = 10.0;
				MTL_ENABLE_DEBUG_INFO = YES;
				ONLY_ACTIVE_ARCH = YES;
				SDKROOT = iphoneos;
				SWIFT_ACTIVE_COMPILATION_CONDITIONS = DEBUG;
				SWIFT_OPTIMIZATION_LEVEL = "-Onone";
				TARGETED_DEVICE_FAMILY = "1,2";
			};
			name = Debug;
		};
		6A70651C1E3F1481005F3452 /* Release */ = {
			isa = XCBuildConfiguration;
			buildSettings = {
				ALWAYS_SEARCH_USER_PATHS = NO;
				CLANG_ANALYZER_NONNULL = YES;
				CLANG_CXX_LANGUAGE_STANDARD = "gnu++0x";
				CLANG_CXX_LIBRARY = "libc++";
				CLANG_ENABLE_MODULES = YES;
				CLANG_ENABLE_OBJC_ARC = YES;
				CLANG_WARN_BOOL_CONVERSION = YES;
				CLANG_WARN_CONSTANT_CONVERSION = YES;
				CLANG_WARN_DIRECT_OBJC_ISA_USAGE = YES_ERROR;
				CLANG_WARN_DOCUMENTATION_COMMENTS = YES;
				CLANG_WARN_EMPTY_BODY = YES;
				CLANG_WARN_ENUM_CONVERSION = YES;
				CLANG_WARN_INFINITE_RECURSION = YES;
				CLANG_WARN_INT_CONVERSION = YES;
				CLANG_WARN_OBJC_ROOT_CLASS = YES_ERROR;
				CLANG_WARN_SUSPICIOUS_MOVES = YES;
				CLANG_WARN_UNREACHABLE_CODE = YES;
				CLANG_WARN__DUPLICATE_METHOD_MATCH = YES;
				"CODE_SIGN_IDENTITY[sdk=iphoneos*]" = "iPhone Developer";
				COPY_PHASE_STRIP = NO;
				DEBUG_INFORMATION_FORMAT = "dwarf-with-dsym";
				ENABLE_NS_ASSERTIONS = NO;
				ENABLE_STRICT_OBJC_MSGSEND = YES;
				GCC_C_LANGUAGE_STANDARD = gnu99;
				GCC_NO_COMMON_BLOCKS = YES;
				GCC_WARN_64_TO_32_BIT_CONVERSION = YES;
				GCC_WARN_ABOUT_RETURN_TYPE = YES_ERROR;
				GCC_WARN_UNDECLARED_SELECTOR = YES;
				GCC_WARN_UNINITIALIZED_AUTOS = YES_AGGRESSIVE;
				GCC_WARN_UNUSED_FUNCTION = YES;
				GCC_WARN_UNUSED_VARIABLE = YES;
				IPHONEOS_DEPLOYMENT_TARGET = 10.0;
				MTL_ENABLE_DEBUG_INFO = NO;
				SDKROOT = iphoneos;
				SWIFT_OPTIMIZATION_LEVEL = "-Owholemodule";
				TARGETED_DEVICE_FAMILY = "1,2";
				VALIDATE_PRODUCT = YES;
			};
			name = Release;
		};
		6A70651E1E3F1481005F3452 /* Debug */ = {
			isa = XCBuildConfiguration;
			baseConfigurationReference = C4A4D76C1EEF65F081B1AD14 /* Pods-devSocial.debug.xcconfig */;
			buildSettings = {
				ASSETCATALOG_COMPILER_APPICON_NAME = AppIcon;
				CODE_SIGN_ENTITLEMENTS = devSocial/devSocial.entitlements;
				DEVELOPMENT_TEAM = E2XDBU7BVN;
				INFOPLIST_FILE = devSocial/Info.plist;
				LD_RUNPATH_SEARCH_PATHS = "$(inherited) @executable_path/Frameworks";
				PRODUCT_BUNDLE_IDENTIFIER = com.erterfed.devSocial;
				PRODUCT_NAME = "$(TARGET_NAME)";
				SWIFT_VERSION = 3.0;
			};
			name = Debug;
		};
		6A70651F1E3F1481005F3452 /* Release */ = {
			isa = XCBuildConfiguration;
			baseConfigurationReference = DC1F53C5639D6B4DC1F31ADE /* Pods-devSocial.release.xcconfig */;
			buildSettings = {
				ASSETCATALOG_COMPILER_APPICON_NAME = AppIcon;
				CODE_SIGN_ENTITLEMENTS = devSocial/devSocial.entitlements;
				DEVELOPMENT_TEAM = E2XDBU7BVN;
				INFOPLIST_FILE = devSocial/Info.plist;
				LD_RUNPATH_SEARCH_PATHS = "$(inherited) @executable_path/Frameworks";
				PRODUCT_BUNDLE_IDENTIFIER = com.erterfed.devSocial;
				PRODUCT_NAME = "$(TARGET_NAME)";
				SWIFT_VERSION = 3.0;
			};
			name = Release;
		};
/* End XCBuildConfiguration section */

/* Begin XCConfigurationList section */
		6A7065061E3F1481005F3452 /* Build configuration list for PBXProject "devSocial" */ = {
			isa = XCConfigurationList;
			buildConfigurations = (
				6A70651B1E3F1481005F3452 /* Debug */,
				6A70651C1E3F1481005F3452 /* Release */,
			);
			defaultConfigurationIsVisible = 0;
			defaultConfigurationName = Release;
		};
		6A70651D1E3F1481005F3452 /* Build configuration list for PBXNativeTarget "devSocial" */ = {
			isa = XCConfigurationList;
			buildConfigurations = (
				6A70651E1E3F1481005F3452 /* Debug */,
				6A70651F1E3F1481005F3452 /* Release */,
			);
			defaultConfigurationIsVisible = 0;
			defaultConfigurationName = Release;
		};
/* End XCConfigurationList section */
	};
	rootObject = 6A7065031E3F1481005F3452 /* Project object */;
}
